// !$*UTF8*$!
{
	archiveVersion = 1;
	classes = {
	};
	objectVersion = 46;
	objects = {

/* Begin PBXBuildFile section */
		610C9A221A257F2900C042D1 /* AppDelegate.swift in Sources */ = {isa = PBXBuildFile; fileRef = 610C9A211A257F2900C042D1 /* AppDelegate.swift */; };
		610C9A251A257F2900C042D1 /* CAN.xcdatamodeld in Sources */ = {isa = PBXBuildFile; fileRef = 610C9A231A257F2900C042D1 /* CAN.xcdatamodeld */; };
		610C9A271A257F2900C042D1 /* ViewController.swift in Sources */ = {isa = PBXBuildFile; fileRef = 610C9A261A257F2900C042D1 /* ViewController.swift */; };
		610C9A2A1A257F2900C042D1 /* Main.storyboard in Resources */ = {isa = PBXBuildFile; fileRef = 610C9A281A257F2900C042D1 /* Main.storyboard */; };
		610C9A2C1A257F2900C042D1 /* Images.xcassets in Resources */ = {isa = PBXBuildFile; fileRef = 610C9A2B1A257F2900C042D1 /* Images.xcassets */; };
		610C9A2F1A257F2900C042D1 /* LaunchScreen.xib in Resources */ = {isa = PBXBuildFile; fileRef = 610C9A2D1A257F2900C042D1 /* LaunchScreen.xib */; };
		610C9A3B1A257F2900C042D1 /* CANTests.swift in Sources */ = {isa = PBXBuildFile; fileRef = 610C9A3A1A257F2900C042D1 /* CANTests.swift */; };
		6151E0621A26921700B681E5 /* Crashlytics.framework in Frameworks */ = {isa = PBXBuildFile; fileRef = 6151E0601A26921700B681E5 /* Crashlytics.framework */; };
		6151E0631A26921700B681E5 /* Fabric.framework in Frameworks */ = {isa = PBXBuildFile; fileRef = 6151E0611A26921700B681E5 /* Fabric.framework */; };
/* End PBXBuildFile section */

/* Begin PBXContainerItemProxy section */
		610C9A351A257F2900C042D1 /* PBXContainerItemProxy */ = {
			isa = PBXContainerItemProxy;
			containerPortal = 610C9A141A257F2900C042D1 /* Project object */;
			proxyType = 1;
			remoteGlobalIDString = 610C9A1B1A257F2900C042D1;
			remoteInfo = CAN;
		};
/* End PBXContainerItemProxy section */

/* Begin PBXFileReference section */
		610C9A1C1A257F2900C042D1 /* CAN.app */ = {isa = PBXFileReference; explicitFileType = wrapper.application; includeInIndex = 0; path = CAN.app; sourceTree = BUILT_PRODUCTS_DIR; };
		610C9A201A257F2900C042D1 /* Info.plist */ = {isa = PBXFileReference; lastKnownFileType = text.plist.xml; path = Info.plist; sourceTree = "<group>"; };
		610C9A211A257F2900C042D1 /* AppDelegate.swift */ = {isa = PBXFileReference; lastKnownFileType = sourcecode.swift; path = AppDelegate.swift; sourceTree = "<group>"; };
		610C9A241A257F2900C042D1 /* CAN.xcdatamodel */ = {isa = PBXFileReference; lastKnownFileType = wrapper.xcdatamodel; path = CAN.xcdatamodel; sourceTree = "<group>"; };
		610C9A261A257F2900C042D1 /* ViewController.swift */ = {isa = PBXFileReference; lastKnownFileType = sourcecode.swift; path = ViewController.swift; sourceTree = "<group>"; };
		610C9A291A257F2900C042D1 /* Base */ = {isa = PBXFileReference; lastKnownFileType = file.storyboard; name = Base; path = Base.lproj/Main.storyboard; sourceTree = "<group>"; };
		610C9A2B1A257F2900C042D1 /* Images.xcassets */ = {isa = PBXFileReference; lastKnownFileType = folder.assetcatalog; path = Images.xcassets; sourceTree = "<group>"; };
		610C9A2E1A257F2900C042D1 /* Base */ = {isa = PBXFileReference; lastKnownFileType = file.xib; name = Base; path = Base.lproj/LaunchScreen.xib; sourceTree = "<group>"; };
		610C9A341A257F2900C042D1 /* CANTests.xctest */ = {isa = PBXFileReference; explicitFileType = wrapper.cfbundle; includeInIndex = 0; path = CANTests.xctest; sourceTree = BUILT_PRODUCTS_DIR; };
		610C9A391A257F2900C042D1 /* Info.plist */ = {isa = PBXFileReference; lastKnownFileType = text.plist.xml; path = Info.plist; sourceTree = "<group>"; };
		610C9A3A1A257F2900C042D1 /* CANTests.swift */ = {isa = PBXFileReference; lastKnownFileType = sourcecode.swift; path = CANTests.swift; sourceTree = "<group>"; };
		6151E0601A26921700B681E5 /* Crashlytics.framework */ = {isa = PBXFileReference; lastKnownFileType = wrapper.framework; path = Crashlytics.framework; sourceTree = SOURCE_ROOT; };
		6151E0611A26921700B681E5 /* Fabric.framework */ = {isa = PBXFileReference; lastKnownFileType = wrapper.framework; path = Fabric.framework; sourceTree = SOURCE_ROOT; };
/* End PBXFileReference section */

/* Begin PBXFrameworksBuildPhase section */
		610C9A191A257F2900C042D1 /* Frameworks */ = {
			isa = PBXFrameworksBuildPhase;
			buildActionMask = 2147483647;
			files = (
				6151E0621A26921700B681E5 /* Crashlytics.framework in Frameworks */,
				6151E0631A26921700B681E5 /* Fabric.framework in Frameworks */,
			);
			runOnlyForDeploymentPostprocessing = 0;
		};
		610C9A311A257F2900C042D1 /* Frameworks */ = {
			isa = PBXFrameworksBuildPhase;
			buildActionMask = 2147483647;
			files = (
			);
			runOnlyForDeploymentPostprocessing = 0;
		};
/* End PBXFrameworksBuildPhase section */

/* Begin PBXGroup section */
		610C9A131A257F2900C042D1 = {
			isa = PBXGroup;
			children = (
				610C9A1E1A257F2900C042D1 /* CAN */,
				610C9A371A257F2900C042D1 /* CANTests */,
				610C9A1D1A257F2900C042D1 /* Products */,
			);
			sourceTree = "<group>";
		};
		610C9A1D1A257F2900C042D1 /* Products */ = {
			isa = PBXGroup;
			children = (
				610C9A1C1A257F2900C042D1 /* CAN.app */,
				610C9A341A257F2900C042D1 /* CANTests.xctest */,
			);
			name = Products;
			sourceTree = "<group>";
		};
		610C9A1E1A257F2900C042D1 /* CAN */ = {
			isa = PBXGroup;
			children = (
				610C9A211A257F2900C042D1 /* AppDelegate.swift */,
				610C9A261A257F2900C042D1 /* ViewController.swift */,
				610C9A281A257F2900C042D1 /* Main.storyboard */,
				610C9A2B1A257F2900C042D1 /* Images.xcassets */,
				610C9A2D1A257F2900C042D1 /* LaunchScreen.xib */,
				610C9A231A257F2900C042D1 /* CAN.xcdatamodeld */,
				6151E0601A26921700B681E5 /* Crashlytics.framework */,
				6151E0611A26921700B681E5 /* Fabric.framework */,
				610C9A1F1A257F2900C042D1 /* Supporting Files */,
			);
			path = CAN;
			sourceTree = "<group>";
		};
		610C9A1F1A257F2900C042D1 /* Supporting Files */ = {
			isa = PBXGroup;
			children = (
				610C9A201A257F2900C042D1 /* Info.plist */,
			);
			name = "Supporting Files";
			sourceTree = "<group>";
		};
		610C9A371A257F2900C042D1 /* CANTests */ = {
			isa = PBXGroup;
			children = (
				610C9A3A1A257F2900C042D1 /* CANTests.swift */,
				610C9A381A257F2900C042D1 /* Supporting Files */,
			);
			path = CANTests;
			sourceTree = "<group>";
		};
		610C9A381A257F2900C042D1 /* Supporting Files */ = {
			isa = PBXGroup;
			children = (
				610C9A391A257F2900C042D1 /* Info.plist */,
			);
			name = "Supporting Files";
			sourceTree = "<group>";
		};
/* End PBXGroup section */

/* Begin PBXNativeTarget section */
		610C9A1B1A257F2900C042D1 /* CAN */ = {
			isa = PBXNativeTarget;
			buildConfigurationList = 610C9A3E1A257F2900C042D1 /* Build configuration list for PBXNativeTarget "CAN" */;
			buildPhases = (
				610C9A181A257F2900C042D1 /* Sources */,
				610C9A191A257F2900C042D1 /* Frameworks */,
				610C9A1A1A257F2900C042D1 /* Resources */,
				6151E05F1A2691F600B681E5 /* ShellScript */,
			);
			buildRules = (
			);
			dependencies = (
			);
			name = CAN;
			productName = CAN;
			productReference = 610C9A1C1A257F2900C042D1 /* CAN.app */;
			productType = "com.apple.product-type.application";
		};
		610C9A331A257F2900C042D1 /* CANTests */ = {
			isa = PBXNativeTarget;
			buildConfigurationList = 610C9A411A257F2900C042D1 /* Build configuration list for PBXNativeTarget "CANTests" */;
			buildPhases = (
				610C9A301A257F2900C042D1 /* Sources */,
				610C9A311A257F2900C042D1 /* Frameworks */,
				610C9A321A257F2900C042D1 /* Resources */,
			);
			buildRules = (
			);
			dependencies = (
				610C9A361A257F2900C042D1 /* PBXTargetDependency */,
			);
			name = CANTests;
			productName = CANTests;
			productReference = 610C9A341A257F2900C042D1 /* CANTests.xctest */;
			productType = "com.apple.product-type.bundle.unit-test";
		};
/* End PBXNativeTarget section */

/* Begin PBXProject section */
		610C9A141A257F2900C042D1 /* Project object */ = {
			isa = PBXProject;
			attributes = {
				LastUpgradeCheck = 0610;
				ORGANIZATIONNAME = "Corporate Angel Network";
				TargetAttributes = {
					610C9A1B1A257F2900C042D1 = {
						CreatedOnToolsVersion = 6.1;
					};
					610C9A331A257F2900C042D1 = {
						CreatedOnToolsVersion = 6.1;
						TestTargetID = 610C9A1B1A257F2900C042D1;
					};
				};
			};
			buildConfigurationList = 610C9A171A257F2900C042D1 /* Build configuration list for PBXProject "CAN" */;
			compatibilityVersion = "Xcode 3.2";
			developmentRegion = English;
			hasScannedForEncodings = 0;
			knownRegions = (
				en,
				Base,
			);
			mainGroup = 610C9A131A257F2900C042D1;
			productRefGroup = 610C9A1D1A257F2900C042D1 /* Products */;
			projectDirPath = "";
			projectRoot = "";
			targets = (
				610C9A1B1A257F2900C042D1 /* CAN */,
				610C9A331A257F2900C042D1 /* CANTests */,
			);
		};
/* End PBXProject section */

/* Begin PBXResourcesBuildPhase section */
		610C9A1A1A257F2900C042D1 /* Resources */ = {
			isa = PBXResourcesBuildPhase;
			buildActionMask = 2147483647;
			files = (
				610C9A2A1A257F2900C042D1 /* Main.storyboard in Resources */,
				610C9A2F1A257F2900C042D1 /* LaunchScreen.xib in Resources */,
				610C9A2C1A257F2900C042D1 /* Images.xcassets in Resources */,
			);
			runOnlyForDeploymentPostprocessing = 0;
		};
		610C9A321A257F2900C042D1 /* Resources */ = {
			isa = PBXResourcesBuildPhase;
			buildActionMask = 2147483647;
			files = (
			);
			runOnlyForDeploymentPostprocessing = 0;
		};
/* End PBXResourcesBuildPhase section */

/* Begin PBXShellScriptBuildPhase section */
		6151E05F1A2691F600B681E5 /* ShellScript */ = {
			isa = PBXShellScriptBuildPhase;
			buildActionMask = 2147483647;
			files = (
			);
			inputPaths = (
			);
			outputPaths = (
			);
			runOnlyForDeploymentPostprocessing = 0;
			shellPath = /bin/sh;
			shellScript = "./Fabric.framework/run 4191bcab2e6a58856220ecf45e2ab31718589402 167e05343b037070744acde5e50d3885479f27ec2094fa3bdf6cf78c8a61012f";
		};
/* End PBXShellScriptBuildPhase section */

/* Begin PBXSourcesBuildPhase section */
		610C9A181A257F2900C042D1 /* Sources */ = {
			isa = PBXSourcesBuildPhase;
			buildActionMask = 2147483647;
			files = (
				610C9A271A257F2900C042D1 /* ViewController.swift in Sources */,
				610C9A251A257F2900C042D1 /* CAN.xcdatamodeld in Sources */,
				610C9A221A257F2900C042D1 /* AppDelegate.swift in Sources */,
			);
			runOnlyForDeploymentPostprocessing = 0;
		};
		610C9A301A257F2900C042D1 /* Sources */ = {
			isa = PBXSourcesBuildPhase;
			buildActionMask = 2147483647;
			files = (
				610C9A3B1A257F2900C042D1 /* CANTests.swift in Sources */,
			);
			runOnlyForDeploymentPostprocessing = 0;
		};
/* End PBXSourcesBuildPhase section */

/* Begin PBXTargetDependency section */
		610C9A361A257F2900C042D1 /* PBXTargetDependency */ = {
			isa = PBXTargetDependency;
			target = 610C9A1B1A257F2900C042D1 /* CAN */;
			targetProxy = 610C9A351A257F2900C042D1 /* PBXContainerItemProxy */;
		};
/* End PBXTargetDependency section */

/* Begin PBXVariantGroup section */
		610C9A281A257F2900C042D1 /* Main.storyboard */ = {
			isa = PBXVariantGroup;
			children = (
				610C9A291A257F2900C042D1 /* Base */,
			);
			name = Main.storyboard;
			sourceTree = "<group>";
		};
		610C9A2D1A257F2900C042D1 /* LaunchScreen.xib */ = {
			isa = PBXVariantGroup;
			children = (
				610C9A2E1A257F2900C042D1 /* Base */,
			);
			name = LaunchScreen.xib;
			sourceTree = "<group>";
		};
/* End PBXVariantGroup section */

/* Begin XCBuildConfiguration section */
		610C9A3C1A257F2900C042D1 /* Debug */ = {
			isa = XCBuildConfiguration;
			buildSettings = {
				ALWAYS_SEARCH_USER_PATHS = NO;
				CLANG_CXX_LANGUAGE_STANDARD = "gnu++0x";
				CLANG_CXX_LIBRARY = "libc++";
				CLANG_ENABLE_MODULES = YES;
				CLANG_ENABLE_OBJC_ARC = YES;
				CLANG_WARN_BOOL_CONVERSION = YES;
				CLANG_WARN_CONSTANT_CONVERSION = YES;
				CLANG_WARN_DIRECT_OBJC_ISA_USAGE = YES_ERROR;
				CLANG_WARN_EMPTY_BODY = YES;
				CLANG_WARN_ENUM_CONVERSION = YES;
				CLANG_WARN_INT_CONVERSION = YES;
				CLANG_WARN_OBJC_ROOT_CLASS = YES_ERROR;
				CLANG_WARN_UNREACHABLE_CODE = YES;
				CLANG_WARN__DUPLICATE_METHOD_MATCH = YES;
				"CODE_SIGN_IDENTITY[sdk=iphoneos*]" = "iPhone Developer";
				COPY_PHASE_STRIP = NO;
				ENABLE_STRICT_OBJC_MSGSEND = YES;
				GCC_C_LANGUAGE_STANDARD = gnu99;
				GCC_DYNAMIC_NO_PIC = NO;
				GCC_OPTIMIZATION_LEVEL = 0;
				GCC_PREPROCESSOR_DEFINITIONS = (
					"DEBUG=1",
					"$(inherited)",
				);
				GCC_SYMBOLS_PRIVATE_EXTERN = NO;
				GCC_WARN_64_TO_32_BIT_CONVERSION = YES;
				GCC_WARN_ABOUT_RETURN_TYPE = YES_ERROR;
				GCC_WARN_UNDECLARED_SELECTOR = YES;
				GCC_WARN_UNINITIALIZED_AUTOS = YES_AGGRESSIVE;
				GCC_WARN_UNUSED_FUNCTION = YES;
				GCC_WARN_UNUSED_VARIABLE = YES;
				IPHONEOS_DEPLOYMENT_TARGET = 8.1;
				MTL_ENABLE_DEBUG_INFO = YES;
				ONLY_ACTIVE_ARCH = YES;
				SDKROOT = iphoneos;
				SWIFT_OPTIMIZATION_LEVEL = "-Onone";
			};
			name = Debug;
		};
		610C9A3D1A257F2900C042D1 /* Release */ = {
			isa = XCBuildConfiguration;
			buildSettings = {
				ALWAYS_SEARCH_USER_PATHS = NO;
				CLANG_CXX_LANGUAGE_STANDARD = "gnu++0x";
				CLANG_CXX_LIBRARY = "libc++";
				CLANG_ENABLE_MODULES = YES;
				CLANG_ENABLE_OBJC_ARC = YES;
				CLANG_WARN_BOOL_CONVERSION = YES;
				CLANG_WARN_CONSTANT_CONVERSION = YES;
				CLANG_WARN_DIRECT_OBJC_ISA_USAGE = YES_ERROR;
				CLANG_WARN_EMPTY_BODY = YES;
				CLANG_WARN_ENUM_CONVERSION = YES;
				CLANG_WARN_INT_CONVERSION = YES;
				CLANG_WARN_OBJC_ROOT_CLASS = YES_ERROR;
				CLANG_WARN_UNREACHABLE_CODE = YES;
				CLANG_WARN__DUPLICATE_METHOD_MATCH = YES;
				"CODE_SIGN_IDENTITY[sdk=iphoneos*]" = "iPhone Developer";
				COPY_PHASE_STRIP = YES;
				ENABLE_NS_ASSERTIONS = NO;
				ENABLE_STRICT_OBJC_MSGSEND = YES;
				GCC_C_LANGUAGE_STANDARD = gnu99;
				GCC_WARN_64_TO_32_BIT_CONVERSION = YES;
				GCC_WARN_ABOUT_RETURN_TYPE = YES_ERROR;
				GCC_WARN_UNDECLARED_SELECTOR = YES;
				GCC_WARN_UNINITIALIZED_AUTOS = YES_AGGRESSIVE;
				GCC_WARN_UNUSED_FUNCTION = YES;
				GCC_WARN_UNUSED_VARIABLE = YES;
				IPHONEOS_DEPLOYMENT_TARGET = 8.1;
				MTL_ENABLE_DEBUG_INFO = NO;
				SDKROOT = iphoneos;
				VALIDATE_PRODUCT = YES;
			};
			name = Release;
		};
		610C9A3F1A257F2900C042D1 /* Debug */ = {
			isa = XCBuildConfiguration;
			buildSettings = {
				ASSETCATALOG_COMPILER_APPICON_NAME = AppIcon;
				FRAMEWORK_SEARCH_PATHS = (
					"$(inherited)",
					"$(PROJECT_DIR)",
				);
				INFOPLIST_FILE = CAN/Info.plist;
				LD_RUNPATH_SEARCH_PATHS = "$(inherited) @executable_path/Frameworks";
				PRODUCT_NAME = "$(TARGET_NAME)";
			};
			name = Debug;
		};
		610C9A401A257F2900C042D1 /* Release */ = {
			isa = XCBuildConfiguration;
			buildSettings = {
				ASSETCATALOG_COMPILER_APPICON_NAME = AppIcon;
				FRAMEWORK_SEARCH_PATHS = (
					"$(inherited)",
					"$(PROJECT_DIR)",
				);
				INFOPLIST_FILE = CAN/Info.plist;
				LD_RUNPATH_SEARCH_PATHS = "$(inherited) @executable_path/Frameworks";
				PRODUCT_NAME = "$(TARGET_NAME)";
			};
			name = Release;
		};
		610C9A421A257F2900C042D1 /* Debug */ = {
			isa = XCBuildConfiguration;
			buildSettings = {
				BUNDLE_LOADER = "$(TEST_HOST)";
				FRAMEWORK_SEARCH_PATHS = (
					"$(SDKROOT)/Developer/Library/Frameworks",
					"$(inherited)",
				);
				GCC_PREPROCESSOR_DEFINITIONS = (
					"DEBUG=1",
					"$(inherited)",
				);
				INFOPLIST_FILE = CANTests/Info.plist;
				LD_RUNPATH_SEARCH_PATHS = "$(inherited) @executable_path/Frameworks @loader_path/Frameworks";
				PRODUCT_NAME = "$(TARGET_NAME)";
				TEST_HOST = "$(BUILT_PRODUCTS_DIR)/CAN.app/CAN";
			};
			name = Debug;
		};
		610C9A431A257F2900C042D1 /* Release */ = {
			isa = XCBuildConfiguration;
			buildSettings = {
				BUNDLE_LOADER = "$(TEST_HOST)";
				FRAMEWORK_SEARCH_PATHS = (
					"$(SDKROOT)/Developer/Library/Frameworks",
					"$(inherited)",
				);
				INFOPLIST_FILE = CANTests/Info.plist;
				LD_RUNPATH_SEARCH_PATHS = "$(inherited) @executable_path/Frameworks @loader_path/Frameworks";
				PRODUCT_NAME = "$(TARGET_NAME)";
				TEST_HOST = "$(BUILT_PRODUCTS_DIR)/CAN.app/CAN";
			};
			name = Release;
		};
/* End XCBuildConfiguration section */

/* Begin XCConfigurationList section */
		610C9A171A257F2900C042D1 /* Build configuration list for PBXProject "CAN" */ = {
			isa = XCConfigurationList;
			buildConfigurations = (
				610C9A3C1A257F2900C042D1 /* Debug */,
				610C9A3D1A257F2900C042D1 /* Release */,
			);
			defaultConfigurationIsVisible = 0;
			defaultConfigurationName = Release;
		};
		610C9A3E1A257F2900C042D1 /* Build configuration list for PBXNativeTarget "CAN" */ = {
			isa = XCConfigurationList;
			buildConfigurations = (
				610C9A3F1A257F2900C042D1 /* Debug */,
				610C9A401A257F2900C042D1 /* Release */,
			);
			defaultConfigurationIsVisible = 0;
			defaultConfigurationName = Release;
		};
		610C9A411A257F2900C042D1 /* Build configuration list for PBXNativeTarget "CANTests" */ = {
			isa = XCConfigurationList;
			buildConfigurations = (
				610C9A421A257F2900C042D1 /* Debug */,
				610C9A431A257F2900C042D1 /* Release */,
			);
			defaultConfigurationIsVisible = 0;
			defaultConfigurationName = Release;
		};
/* End XCConfigurationList section */

/* Begin XCVersionGroup section */
		610C9A231A257F2900C042D1 /* CAN.xcdatamodeld */ = {
			isa = XCVersionGroup;
			children = (
				610C9A241A257F2900C042D1 /* CAN.xcdatamodel */,
			);
			currentVersion = 610C9A241A257F2900C042D1 /* CAN.xcdatamodel */;
			path = CAN.xcdatamodeld;
			sourceTree = "<group>";
			versionGroupType = wrapper.xcdatamodel;
		};
/* End XCVersionGroup section */
	};
	rootObject = 610C9A141A257F2900C042D1 /* Project object */;
}
